
Microsoft Visual Studio Solution File, Format Version 12.00
# Visual Studio Version 16
VisualStudioVersion = 16.0.29306.81
MinimumVisualStudioVersion = 10.0.40219.1
Project("{FAE04EC0-301F-11D3-BF4B-00C04F79EFBC}") = "ComputerInfo", "testTaskPCSpecs\ComputerInfo.csproj", "{64D367FD-7BF1-45DC-9875-6ACA77304254}"
EndProject
Project("{FAE04EC0-301F-11D3-BF4B-00C04F79EFBC}") = "GUI", "GUI\GUI.csproj", "{BB98AE91-E315-4083-8AFD-1A641F185470}"
EndProject
Global
	GlobalSection(SolutionConfigurationPlatforms) = preSolution
		Debug|Any CPU = Debug|Any CPU
		Release|Any CPU = Release|Any CPU
	EndGlobalSection
	GlobalSection(ProjectConfigurationPlatforms) = postSolution
		{64D367FD-7BF1-45DC-9875-6ACA77304254}.Debug|Any CPU.ActiveCfg = Debug|Any CPU
		{64D367FD-7BF1-45DC-9875-6ACA77304254}.Debug|Any CPU.Build.0 = Debug|Any CPU
		{64D367FD-7BF1-45DC-9875-6ACA77304254}.Release|Any CPU.ActiveCfg = Release|Any CPU
		{64D367FD-7BF1-45DC-9875-6ACA77304254}.Release|Any CPU.Build.0 = Release|Any CPU
		{BB98AE91-E315-4083-8AFD-1A641F185470}.Debug|Any CPU.ActiveCfg = Debug|Any CPU
		{BB98AE91-E315-4083-8AFD-1A641F185470}.Debug|Any CPU.Build.0 = Debug|Any CPU
		{BB98AE91-E315-4083-8AFD-1A641F185470}.Release|Any CPU.ActiveCfg = Release|Any CPU
		{BB98AE91-E315-4083-8AFD-1A641F185470}.Release|Any CPU.Build.0 = Release|Any CPU
	EndGlobalSection
	GlobalSection(SolutionProperties) = preSolution
		HideSolutionNode = FALSE
	EndGlobalSection
	GlobalSection(ExtensibilityGlobals) = postSolution
		SolutionGuid = {79327421-A992-40F9-8963-FA2ADACC58E5}
	EndGlobalSection
EndGlobal
